
Microsoft Visual Studio Solution File, Format Version 12.00
# Visual Studio Version 17
VisualStudioVersion = 17.0.31903.59
MinimumVisualStudioVersion = 10.0.40219.1
Project("{FAE04EC0-301F-11D3-BF4B-00C04F79EFBC}") = "TaskManager.Domain", "TaskManager.Domain\TaskManager.Domain.csproj", "{A3E3A783-7B7A-4E7A-97D0-DAF4ED0F9E0C}"
EndProject
Project("{FAE04EC0-301F-11D3-BF4B-00C04F79EFBC}") = "TaskManager.Application", "TaskManager.Application\TaskManager.Application.csproj", "{81C08C6C-2470-44D8-998D-B990B0ABD9C6}"
EndProject
Project("{FAE04EC0-301F-11D3-BF4B-00C04F79EFBC}") = "TaskManager.Infrastructure", "TaskManager.Infrastructure\TaskManager.Infrastructure.csproj", "{71E76487-6483-43A7-AD5E-3057D7E41FDD}"
EndProject
Project("{FAE04EC0-301F-11D3-BF4B-00C04F79EFBC}") = "TaskManager.Api", "TaskManager.Api\TaskManager.Api.csproj", "{54707EEB-B442-44D0-B260-0C14AE1793BF}"
EndProject
Project("{FAE04EC0-301F-11D3-BF4B-00C04F79EFBC}") = "TaskManager.Application.Tests", "TaskManager.Application.Tests\TaskManager.Application.Tests.csproj", "{0DB3AE0D-C285-4D37-9A2C-2945D1D5190B}"
EndProject
Project("{FAE04EC0-301F-11D3-BF4B-00C04F79EFBC}") = "TaskManager.Domain.Tests", "TaskManager.Domain.Tests\TaskManager.Domain.Tests.csproj", "{E1921D48-B730-4DEB-915E-99DE710B6A6D}"
EndProject
Global
	GlobalSection(SolutionConfigurationPlatforms) = preSolution
		Debug|Any CPU = Debug|Any CPU
		Debug|x64 = Debug|x64
		Debug|x86 = Debug|x86
		Release|Any CPU = Release|Any CPU
		Release|x64 = Release|x64
		Release|x86 = Release|x86
	EndGlobalSection
	GlobalSection(ProjectConfigurationPlatforms) = postSolution
		{A3E3A783-7B7A-4E7A-97D0-DAF4ED0F9E0C}.Debug|Any CPU.ActiveCfg = Debug|Any CPU
		{A3E3A783-7B7A-4E7A-97D0-DAF4ED0F9E0C}.Debug|Any CPU.Build.0 = Debug|Any CPU
		{A3E3A783-7B7A-4E7A-97D0-DAF4ED0F9E0C}.Debug|x64.ActiveCfg = Debug|Any CPU
		{A3E3A783-7B7A-4E7A-97D0-DAF4ED0F9E0C}.Debug|x64.Build.0 = Debug|Any CPU
		{A3E3A783-7B7A-4E7A-97D0-DAF4ED0F9E0C}.Debug|x86.ActiveCfg = Debug|Any CPU
		{A3E3A783-7B7A-4E7A-97D0-DAF4ED0F9E0C}.Debug|x86.Build.0 = Debug|Any CPU
		{A3E3A783-7B7A-4E7A-97D0-DAF4ED0F9E0C}.Release|Any CPU.ActiveCfg = Release|Any CPU
		{A3E3A783-7B7A-4E7A-97D0-DAF4ED0F9E0C}.Release|Any CPU.Build.0 = Release|Any CPU
		{A3E3A783-7B7A-4E7A-97D0-DAF4ED0F9E0C}.Release|x64.ActiveCfg = Release|Any CPU
		{A3E3A783-7B7A-4E7A-97D0-DAF4ED0F9E0C}.Release|x64.Build.0 = Release|Any CPU
		{A3E3A783-7B7A-4E7A-97D0-DAF4ED0F9E0C}.Release|x86.ActiveCfg = Release|Any CPU
		{A3E3A783-7B7A-4E7A-97D0-DAF4ED0F9E0C}.Release|x86.Build.0 = Release|Any CPU
		{81C08C6C-2470-44D8-998D-B990B0ABD9C6}.Debug|Any CPU.ActiveCfg = Debug|Any CPU
		{81C08C6C-2470-44D8-998D-B990B0ABD9C6}.Debug|Any CPU.Build.0 = Debug|Any CPU
		{81C08C6C-2470-44D8-998D-B990B0ABD9C6}.Debug|x64.ActiveCfg = Debug|Any CPU
		{81C08C6C-2470-44D8-998D-B990B0ABD9C6}.Debug|x64.Build.0 = Debug|Any CPU
		{81C08C6C-2470-44D8-998D-B990B0ABD9C6}.Debug|x86.ActiveCfg = Debug|Any CPU
		{81C08C6C-2470-44D8-998D-B990B0ABD9C6}.Debug|x86.Build.0 = Debug|Any CPU
		{81C08C6C-2470-44D8-998D-B990B0ABD9C6}.Release|Any CPU.ActiveCfg = Release|Any CPU
		{81C08C6C-2470-44D8-998D-B990B0ABD9C6}.Release|Any CPU.Build.0 = Release|Any CPU
		{81C08C6C-2470-44D8-998D-B990B0ABD9C6}.Release|x64.ActiveCfg = Release|Any CPU
		{81C08C6C-2470-44D8-998D-B990B0ABD9C6}.Release|x64.Build.0 = Release|Any CPU
		{81C08C6C-2470-44D8-998D-B990B0ABD9C6}.Release|x86.ActiveCfg = Release|Any CPU
		{81C08C6C-2470-44D8-998D-B990B0ABD9C6}.Release|x86.Build.0 = Release|Any CPU
		{71E76487-6483-43A7-AD5E-3057D7E41FDD}.Debug|Any CPU.ActiveCfg = Debug|Any CPU
		{71E76487-6483-43A7-AD5E-3057D7E41FDD}.Debug|Any CPU.Build.0 = Debug|Any CPU
		{71E76487-6483-43A7-AD5E-3057D7E41FDD}.Debug|x64.ActiveCfg = Debug|Any CPU
		{71E76487-6483-43A7-AD5E-3057D7E41FDD}.Debug|x64.Build.0 = Debug|Any CPU
		{71E76487-6483-43A7-AD5E-3057D7E41FDD}.Debug|x86.ActiveCfg = Debug|Any CPU
		{71E76487-6483-43A7-AD5E-3057D7E41FDD}.Debug|x86.Build.0 = Debug|Any CPU
		{71E76487-6483-43A7-AD5E-3057D7E41FDD}.Release|Any CPU.ActiveCfg = Release|Any CPU
		{71E76487-6483-43A7-AD5E-3057D7E41FDD}.Release|Any CPU.Build.0 = Release|Any CPU
		{71E76487-6483-43A7-AD5E-3057D7E41FDD}.Release|x64.ActiveCfg = Release|Any CPU
		{71E76487-6483-43A7-AD5E-3057D7E41FDD}.Release|x64.Build.0 = Release|Any CPU
		{71E76487-6483-43A7-AD5E-3057D7E41FDD}.Release|x86.ActiveCfg = Release|Any CPU
		{71E76487-6483-43A7-AD5E-3057D7E41FDD}.Release|x86.Build.0 = Release|Any CPU
		{54707EEB-B442-44D0-B260-0C14AE1793BF}.Debug|Any CPU.ActiveCfg = Debug|Any CPU
		{54707EEB-B442-44D0-B260-0C14AE1793BF}.Debug|Any CPU.Build.0 = Debug|Any CPU
		{54707EEB-B442-44D0-B260-0C14AE1793BF}.Debug|x64.ActiveCfg = Debug|Any CPU
		{54707EEB-B442-44D0-B260-0C14AE1793BF}.Debug|x64.Build.0 = Debug|Any CPU
		{54707EEB-B442-44D0-B260-0C14AE1793BF}.Debug|x86.ActiveCfg = Debug|Any CPU
		{54707EEB-B442-44D0-B260-0C14AE1793BF}.Debug|x86.Build.0 = Debug|Any CPU
		{54707EEB-B442-44D0-B260-0C14AE1793BF}.Release|Any CPU.ActiveCfg = Release|Any CPU
		{54707EEB-B442-44D0-B260-0C14AE1793BF}.Release|Any CPU.Build.0 = Release|Any CPU
		{54707EEB-B442-44D0-B260-0C14AE1793BF}.Release|x64.ActiveCfg = Release|Any CPU
		{54707EEB-B442-44D0-B260-0C14AE1793BF}.Release|x64.Build.0 = Release|Any CPU
		{54707EEB-B442-44D0-B260-0C14AE1793BF}.Release|x86.ActiveCfg = Release|Any CPU
		{54707EEB-B442-44D0-B260-0C14AE1793BF}.Release|x86.Build.0 = Release|Any CPU
		{0DB3AE0D-C285-4D37-9A2C-2945D1D5190B}.Debug|Any CPU.ActiveCfg = Debug|Any CPU
		{0DB3AE0D-C285-4D37-9A2C-2945D1D5190B}.Debug|Any CPU.Build.0 = Debug|Any CPU
		{0DB3AE0D-C285-4D37-9A2C-2945D1D5190B}.Debug|x64.ActiveCfg = Debug|Any CPU
		{0DB3AE0D-C285-4D37-9A2C-2945D1D5190B}.Debug|x64.Build.0 = Debug|Any CPU
		{0DB3AE0D-C285-4D37-9A2C-2945D1D5190B}.Debug|x86.ActiveCfg = Debug|Any CPU
		{0DB3AE0D-C285-4D37-9A2C-2945D1D5190B}.Debug|x86.Build.0 = Debug|Any CPU
		{0DB3AE0D-C285-4D37-9A2C-2945D1D5190B}.Release|Any CPU.ActiveCfg = Release|Any CPU
		{0DB3AE0D-C285-4D37-9A2C-2945D1D5190B}.Release|Any CPU.Build.0 = Release|Any CPU
		{0DB3AE0D-C285-4D37-9A2C-2945D1D5190B}.Release|x64.ActiveCfg = Release|Any CPU
		{0DB3AE0D-C285-4D37-9A2C-2945D1D5190B}.Release|x64.Build.0 = Release|Any CPU
		{0DB3AE0D-C285-4D37-9A2C-2945D1D5190B}.Release|x86.ActiveCfg = Release|Any CPU
		{0DB3AE0D-C285-4D37-9A2C-2945D1D5190B}.Release|x86.Build.0 = Release|Any CPU
		{E1921D48-B730-4DEB-915E-99DE710B6A6D}.Debug|Any CPU.ActiveCfg = Debug|Any CPU
		{E1921D48-B730-4DEB-915E-99DE710B6A6D}.Debug|Any CPU.Build.0 = Debug|Any CPU
		{E1921D48-B730-4DEB-915E-99DE710B6A6D}.Debug|x64.ActiveCfg = Debug|Any CPU
		{E1921D48-B730-4DEB-915E-99DE710B6A6D}.Debug|x64.Build.0 = Debug|Any CPU
		{E1921D48-B730-4DEB-915E-99DE710B6A6D}.Debug|x86.ActiveCfg = Debug|Any CPU
		{E1921D48-B730-4DEB-915E-99DE710B6A6D}.Debug|x86.Build.0 = Debug|Any CPU
		{E1921D48-B730-4DEB-915E-99DE710B6A6D}.Release|Any CPU.ActiveCfg = Release|Any CPU
		{E1921D48-B730-4DEB-915E-99DE710B6A6D}.Release|Any CPU.Build.0 = Release|Any CPU
		{E1921D48-B730-4DEB-915E-99DE710B6A6D}.Release|x64.ActiveCfg = Release|Any CPU
		{E1921D48-B730-4DEB-915E-99DE710B6A6D}.Release|x64.Build.0 = Release|Any CPU
		{E1921D48-B730-4DEB-915E-99DE710B6A6D}.Release|x86.ActiveCfg = Release|Any CPU
		{E1921D48-B730-4DEB-915E-99DE710B6A6D}.Release|x86.Build.0 = Release|Any CPU
	EndGlobalSection
	GlobalSection(SolutionProperties) = preSolution
		HideSolutionNode = FALSE
	EndGlobalSection
EndGlobal
